hash: b03cbc42daff0ff65fd0226bf5bcee216bd02c2682cf4fd8d54b142f9d0ac9ed
updated: 2017-07-03T12:07:16.712592068+01:00
imports:
- name: github.com/gorilla/mux
  version: bcd8bc72b08df0f70df986b97f95590779502d31
- name: github.com/urfave/negroni
  version: fde5e16d32adc7ad637e9cd9ad21d4ebc6192535
testImports: []
